
Microsoft Visual Studio Solution File, Format Version 12.00
# Visual Studio Version 17
VisualStudioVersion = 17.7.34031.279
MinimumVisualStudioVersion = 10.0.40219.1
Project("{FAE04EC0-301F-11D3-BF4B-00C04F79EFBC}") = "Prueba1", "Prueba1.csproj", "{24606AC7-F30C-4617-9EEB-EEB97C7326C6}"
EndProject
Global
	GlobalSection(SolutionConfigurationPlatforms) = preSolution
		Debug|Any CPU = Debug|Any CPU
		Release|Any CPU = Release|Any CPU
	EndGlobalSection
	GlobalSection(ProjectConfigurationPlatforms) = postSolution
		{24606AC7-F30C-4617-9EEB-EEB97C7326C6}.Debug|Any CPU.ActiveCfg = Debug|Any CPU
		{24606AC7-F30C-4617-9EEB-EEB97C7326C6}.Debug|Any CPU.Build.0 = Debug|Any CPU
		{24606AC7-F30C-4617-9EEB-EEB97C7326C6}.Release|Any CPU.ActiveCfg = Release|Any CPU
		{24606AC7-F30C-4617-9EEB-EEB97C7326C6}.Release|Any CPU.Build.0 = Release|Any CPU
	EndGlobalSection
	GlobalSection(SolutionProperties) = preSolution
		HideSolutionNode = FALSE
	EndGlobalSection
	GlobalSection(ExtensibilityGlobals) = postSolution
		SolutionGuid = {B1CD8E2E-AE4F-4454-A9A6-877F4800E77F}
	EndGlobalSection
EndGlobal
